
Microsoft Visual Studio Solution File, Format Version 12.00
# Visual Studio Version 17
VisualStudioVersion = 17.7.34302.85
MinimumVisualStudioVersion = 10.0.40219.1
Project("{9A19103F-16F7-4668-BE54-9A1E7A4F7556}") = "DyreInternatApp", "DyreInternatApp.csproj", "{DF45CC34-A23C-4F99-826C-61959DFADFC1}"
EndProject
Project("{9A19103F-16F7-4668-BE54-9A1E7A4F7556}") = "DAL", "..\DyreInternatDAL\DAL.csproj", "{C7FA77A4-3E26-4A18-ACF6-44BE806B6E8E}"
EndProject
Project("{9A19103F-16F7-4668-BE54-9A1E7A4F7556}") = "BL", "..\DyreInternatBL\BL.csproj", "{E526227B-FED5-4715-9EF7-CF53DC184904}"
EndProject
Project("{9A19103F-16F7-4668-BE54-9A1E7A4F7556}") = "DOMAIN", "..\DyreInternatAppSharedModels\DOMAIN.csproj", "{AB34F2C7-C6C5-4B29-BC84-F8934374DD56}"
EndProject
Global
	GlobalSection(SolutionConfigurationPlatforms) = preSolution
		Debug|Any CPU = Debug|Any CPU
		Release|Any CPU = Release|Any CPU
	EndGlobalSection
	GlobalSection(ProjectConfigurationPlatforms) = postSolution
		{DF45CC34-A23C-4F99-826C-61959DFADFC1}.Debug|Any CPU.ActiveCfg = Debug|Any CPU
		{DF45CC34-A23C-4F99-826C-61959DFADFC1}.Debug|Any CPU.Build.0 = Debug|Any CPU
		{DF45CC34-A23C-4F99-826C-61959DFADFC1}.Release|Any CPU.ActiveCfg = Release|Any CPU
		{DF45CC34-A23C-4F99-826C-61959DFADFC1}.Release|Any CPU.Build.0 = Release|Any CPU
		{C7FA77A4-3E26-4A18-ACF6-44BE806B6E8E}.Debug|Any CPU.ActiveCfg = Debug|Any CPU
		{C7FA77A4-3E26-4A18-ACF6-44BE806B6E8E}.Debug|Any CPU.Build.0 = Debug|Any CPU
		{C7FA77A4-3E26-4A18-ACF6-44BE806B6E8E}.Release|Any CPU.ActiveCfg = Release|Any CPU
		{C7FA77A4-3E26-4A18-ACF6-44BE806B6E8E}.Release|Any CPU.Build.0 = Release|Any CPU
		{E526227B-FED5-4715-9EF7-CF53DC184904}.Debug|Any CPU.ActiveCfg = Debug|Any CPU
		{E526227B-FED5-4715-9EF7-CF53DC184904}.Debug|Any CPU.Build.0 = Debug|Any CPU
		{E526227B-FED5-4715-9EF7-CF53DC184904}.Release|Any CPU.ActiveCfg = Release|Any CPU
		{E526227B-FED5-4715-9EF7-CF53DC184904}.Release|Any CPU.Build.0 = Release|Any CPU
		{AB34F2C7-C6C5-4B29-BC84-F8934374DD56}.Debug|Any CPU.ActiveCfg = Debug|Any CPU
		{AB34F2C7-C6C5-4B29-BC84-F8934374DD56}.Debug|Any CPU.Build.0 = Debug|Any CPU
		{AB34F2C7-C6C5-4B29-BC84-F8934374DD56}.Release|Any CPU.ActiveCfg = Release|Any CPU
		{AB34F2C7-C6C5-4B29-BC84-F8934374DD56}.Release|Any CPU.Build.0 = Release|Any CPU
	EndGlobalSection
	GlobalSection(SolutionProperties) = preSolution
		HideSolutionNode = FALSE
	EndGlobalSection
	GlobalSection(ExtensibilityGlobals) = postSolution
		SolutionGuid = {476E61CB-4BF6-4FA9-8513-1BA1D03E0623}
	EndGlobalSection
EndGlobal
