
Microsoft Visual Studio Solution File, Format Version 12.00
# Visual Studio Version 17
VisualStudioVersion = 17.7.34302.85
MinimumVisualStudioVersion = 10.0.40219.1
Project("{FAE04EC0-301F-11D3-BF4B-00C04F79EFBC}") = "DyreInternatApp", "DyreInternatApp.csproj", "{DF45CC34-A23C-4F99-826C-61959DFADFC1}"
EndProject
Global
	GlobalSection(SolutionConfigurationPlatforms) = preSolution
		Debug|Any CPU = Debug|Any CPU
		Release|Any CPU = Release|Any CPU
	EndGlobalSection
	GlobalSection(ProjectConfigurationPlatforms) = postSolution
		{DF45CC34-A23C-4F99-826C-61959DFADFC1}.Debug|Any CPU.ActiveCfg = Debug|Any CPU
		{DF45CC34-A23C-4F99-826C-61959DFADFC1}.Debug|Any CPU.Build.0 = Debug|Any CPU
		{DF45CC34-A23C-4F99-826C-61959DFADFC1}.Release|Any CPU.ActiveCfg = Release|Any CPU
		{DF45CC34-A23C-4F99-826C-61959DFADFC1}.Release|Any CPU.Build.0 = Release|Any CPU
	EndGlobalSection
	GlobalSection(SolutionProperties) = preSolution
		HideSolutionNode = FALSE
	EndGlobalSection
	GlobalSection(ExtensibilityGlobals) = postSolution
		SolutionGuid = {476E61CB-4BF6-4FA9-8513-1BA1D03E0623}
	EndGlobalSection
EndGlobal
